{
  "version": 4,
  "terraform_version": "1.6.6",
  "serial": 6,
  "lineage": "bd21808f-f975-61e4-578f-60080e925636",
  "outputs": {},
  "resources": [
    {
      "mode": "managed",
      "type": "aws_s3_bucket",
      "name": "my-test-bucket",
      "provider": "provider[\"registry.terraform.io/hashicorp/aws\"]",
      "instances": [
        {
          "schema_version": 0,
          "attributes": {
            "acceleration_status": "",
            "acl": null,
            "arn": "arn:aws:s3:::vini-tf-bucket123411",
            "bucket": "vini-tf-bucket123411",
            "bucket_domain_name": "vini-tf-bucket123411.s3.amazonaws.com",
            "bucket_prefix": "",
            "bucket_regional_domain_name": "vini-tf-bucket123411.s3.us-east-1.amazonaws.com",
            "cors_rule": [],
            "force_destroy": false,
            "grant": [
              {
                "id": "d4a7122a94c533e6d2fdbd20b8ff8c9670741a591d4cd0bcaeef9bfac5199e1e",
                "permissions": [
                  "FULL_CONTROL"
                ],
                "type": "CanonicalUser",
                "uri": ""
              }
            ],
            "hosted_zone_id": "Z3AQBSTGFYJSTF",
            "id": "vini-tf-bucket123411",
            "lifecycle_rule": [],
            "logging": [],
            "object_lock_configuration": [],
            "object_lock_enabled": false,
            "policy": "",
            "region": "us-east-1",
            "replication_configuration": [],
            "request_payer": "BucketOwner",
            "server_side_encryption_configuration": [
              {
                "rule": [
                  {
                    "apply_server_side_encryption_by_default": [
                      {
                        "kms_master_key_id": "",
                        "sse_algorithm": "AES256"
                      }
                    ],
                    "bucket_key_enabled": false
                  }
                ]
              }
            ],
            "tags": {
              "Environment": "Dev",
              "Managedby": "Terraform",
              "Name": "My bucket",
              "Owner": "Vinicius Almeida",
              "UpdateAt": "2024-01-19"
            },
            "tags_all": {
              "Environment": "Dev",
              "Managedby": "Terraform",
              "Name": "My bucket",
              "Owner": "Vinicius Almeida",
              "UpdateAt": "2024-01-19"
            },
            "timeouts": null,
            "versioning": [
              {
                "enabled": false,
                "mfa_delete": false
              }
            ],
            "website": [],
            "website_domain": null,
            "website_endpoint": null
          },
          "sensitive_attributes": [],
          "private": "eyJlMmJmYjczMC1lY2FhLTExZTYtOGY4OC0zNDM2M2JjN2M0YzAiOnsiY3JlYXRlIjoxMjAwMDAwMDAwMDAwLCJkZWxldGUiOjM2MDAwMDAwMDAwMDAsInJlYWQiOjEyMDAwMDAwMDAwMDAsInVwZGF0ZSI6MTIwMDAwMDAwMDAwMH19"
        }
      ]
    }
  ],
  "check_results": null
}
