{
  "version": 4,
  "terraform_version": "1.6.6",
  "serial": 54,
  "lineage": "2dcbb9e7-f91a-44b3-5b3e-d7c4c0da31a3",
  "outputs": {},
  "resources": [
    {
      "mode": "data",
      "type": "aws_availability_zones",
      "name": "available",
      "provider": "provider[\"registry.terraform.io/hashicorp/aws\"]",
      "instances": [
        {
          "schema_version": 0,
          "attributes": {
            "all_availability_zones": null,
            "exclude_names": null,
            "exclude_zone_ids": null,
            "filter": null,
            "group_names": [
              "us-east-1"
            ],
            "id": "us-east-1",
            "names": [
              "us-east-1a",
              "us-east-1b",
              "us-east-1c",
              "us-east-1d",
              "us-east-1e",
              "us-east-1f"
            ],
            "state": null,
            "timeouts": null,
            "zone_ids": [
              "use1-az2",
              "use1-az4",
              "use1-az6",
              "use1-az1",
              "use1-az3",
              "use1-az5"
            ]
          },
          "sensitive_attributes": []
        }
      ]
    },
    {
      "mode": "managed",
      "type": "aws_eip",
      "name": "nat",
      "provider": "provider[\"registry.terraform.io/hashicorp/aws\"]",
      "instances": [
        {
          "schema_version": 0,
          "attributes": {
            "address": null,
            "allocation_id": "eipalloc-0265a66c5c3e9db8d",
            "associate_with_private_ip": null,
            "association_id": "eipassoc-0cef95a7a744b0bd6",
            "carrier_ip": "",
            "customer_owned_ip": "",
            "customer_owned_ipv4_pool": "",
            "domain": "vpc",
            "id": "eipalloc-0265a66c5c3e9db8d",
            "instance": "",
            "network_border_group": "us-east-1",
            "network_interface": "eni-023c82610e68b1628",
            "private_dns": "ip-10-0-1-103.ec2.internal",
            "private_ip": "10.0.1.103",
            "public_dns": "ec2-18-232-47-191.compute-1.amazonaws.com",
            "public_ip": "18.232.47.191",
            "public_ipv4_pool": "amazon",
            "tags": {
              "Name": "vinicius-nat-gw",
              "Owner": "Vinicius Almeida",
              "Project": "Terraform"
            },
            "tags_all": {
              "Name": "vinicius-nat-gw",
              "Owner": "Vinicius Almeida",
              "Project": "Terraform"
            },
            "timeouts": null,
            "vpc": true
          },
          "sensitive_attributes": [],
          "private": "eyJlMmJmYjczMC1lY2FhLTExZTYtOGY4OC0zNDM2M2JjN2M0YzAiOnsiZGVsZXRlIjoxODAwMDAwMDAwMDAsInJlYWQiOjkwMDAwMDAwMDAwMCwidXBkYXRlIjozMDAwMDAwMDAwMDB9fQ=="
        }
      ]
    },
    {
      "mode": "managed",
      "type": "aws_internet_gateway",
      "name": "sbi",
      "provider": "provider[\"registry.terraform.io/hashicorp/aws\"]",
      "instances": [
        {
          "schema_version": 0,
          "attributes": {
            "arn": "arn:aws:ec2:us-east-1:792310773820:internet-gateway/igw-03c5f5948abf0331f",
            "id": "igw-03c5f5948abf0331f",
            "owner_id": "792310773820",
            "tags": {
              "Name": "vinicius-igw",
              "Owner": "Vinicius Almeida",
              "Project": "Terraform"
            },
            "tags_all": {
              "Name": "vinicius-igw",
              "Owner": "Vinicius Almeida",
              "Project": "Terraform"
            },
            "timeouts": null,
            "vpc_id": "vpc-089ffbdb29a9d0ff3"
          },
          "sensitive_attributes": [],
          "private": "eyJlMmJmYjczMC1lY2FhLTExZTYtOGY4OC0zNDM2M2JjN2M0YzAiOnsiY3JlYXRlIjoxMjAwMDAwMDAwMDAwLCJkZWxldGUiOjEyMDAwMDAwMDAwMDAsInVwZGF0ZSI6MTIwMDAwMDAwMDAwMH19",
          "dependencies": [
            "aws_vpc.sbi"
          ]
        }
      ]
    },
    {
      "mode": "managed",
      "type": "aws_vpc",
      "name": "sbi",
      "provider": "provider[\"registry.terraform.io/hashicorp/aws\"]",
      "instances": [
        {
          "schema_version": 1,
          "attributes": {
            "arn": "arn:aws:ec2:us-east-1:792310773820:vpc/vpc-089ffbdb29a9d0ff3",
            "assign_generated_ipv6_cidr_block": false,
            "cidr_block": "10.0.0.0/22",
            "default_network_acl_id": "acl-00d84798c20be3ace",
            "default_route_table_id": "rtb-0f1433afb24b0e87b",
            "default_security_group_id": "sg-0009132b21eaaa6af",
            "dhcp_options_id": "dopt-0586443f3ade31002",
            "enable_dns_hostnames": false,
            "enable_dns_support": true,
            "enable_network_address_usage_metrics": false,
            "id": "vpc-089ffbdb29a9d0ff3",
            "instance_tenancy": "default",
            "ipv4_ipam_pool_id": null,
            "ipv4_netmask_length": null,
            "ipv6_association_id": "",
            "ipv6_cidr_block": "",
            "ipv6_cidr_block_network_border_group": "",
            "ipv6_ipam_pool_id": "",
            "ipv6_netmask_length": 0,
            "main_route_table_id": "rtb-0f1433afb24b0e87b",
            "owner_id": "792310773820",
            "tags": {
              "Name": "vinicius-vpc",
              "Owner": "Vinicius Almeida",
              "Project": "Terraform"
            },
            "tags_all": {
              "Name": "vinicius-vpc",
              "Owner": "Vinicius Almeida",
              "Project": "Terraform"
            }
          },
          "sensitive_attributes": [],
          "private": "eyJzY2hlbWFfdmVyc2lvbiI6IjEifQ=="
        }
      ]
    }
  ],
  "check_results": null
}
